{
  "name": "goorm-missions",
  "version": "1.0.0",
  "lockfileVersion": 2,
  "requires": true,
  "packages": {
    "": {
      "name": "goorm-missions",
      "version": "1.0.0",
      "license": "ISC",
      "dependencies": {
        "open-props": "^1.7.5"
      }
    },
    "node_modules/open-props": {
      "version": "1.7.5",
      "resolved": "https://registry.npmjs.org/open-props/-/open-props-1.7.5.tgz",
      "integrity": "sha512-DajjLQDJgIa0i+QdB2q5M8lNLo2ICk+DbDh4TsqNsT1tAO8Zm8F7dndSkLMQkobT98lbvDMMpJWO8NT0ibjrjA=="
    }
  },
  "dependencies": {
    "open-props": {
      "version": "1.7.5",
      "resolved": "https://registry.npmjs.org/open-props/-/open-props-1.7.5.tgz",
      "integrity": "sha512-DajjLQDJgIa0i+QdB2q5M8lNLo2ICk+DbDh4TsqNsT1tAO8Zm8F7dndSkLMQkobT98lbvDMMpJWO8NT0ibjrjA=="
    }
  }
}
